
Microsoft Visual Studio Solution File, Format Version 12.00
# Visual Studio Version 18
VisualStudioVersion = 18.4.11605.240 stable
MinimumVisualStudioVersion = 10.0.40219.1
Project("{FAE04EC0-301F-11D3-BF4B-00C04F79EFBC}") = "Workshop Click", "Workshop Click.csproj", "{D480DF26-0175-7D1C-4FB9-DF7AA334BA3C}"
EndProject
Global
	GlobalSection(SolutionConfigurationPlatforms) = preSolution
		Debug|Any CPU = Debug|Any CPU
		Release|Any CPU = Release|Any CPU
	EndGlobalSection
	GlobalSection(ProjectConfigurationPlatforms) = postSolution
		{D480DF26-0175-7D1C-4FB9-DF7AA334BA3C}.Debug|Any CPU.ActiveCfg = Debug|Any CPU
		{D480DF26-0175-7D1C-4FB9-DF7AA334BA3C}.Debug|Any CPU.Build.0 = Debug|Any CPU
		{D480DF26-0175-7D1C-4FB9-DF7AA334BA3C}.Release|Any CPU.ActiveCfg = Release|Any CPU
		{D480DF26-0175-7D1C-4FB9-DF7AA334BA3C}.Release|Any CPU.Build.0 = Release|Any CPU
	EndGlobalSection
	GlobalSection(SolutionProperties) = preSolution
		HideSolutionNode = FALSE
	EndGlobalSection
	GlobalSection(ExtensibilityGlobals) = postSolution
		SolutionGuid = {E15C3B6E-6392-4798-BA34-110FC27D48A6}
	EndGlobalSection
EndGlobal
